// !$*UTF8*$!
{
	archiveVersion = 1;
	classes = {
	};
	objectVersion = 46;
	objects = {

/* Begin PBXBuildFile section */
		BB154ECF1CDBA0D10090CF48 /* HallsViewController.m in Sources */ = {isa = PBXBuildFile; fileRef = BB154ECE1CDBA0D10090CF48 /* HallsViewController.m */; };
		BB154ED21CDBA3EE0090CF48 /* ChatRoomViewController.m in Sources */ = {isa = PBXBuildFile; fileRef = BB154ED11CDBA3EE0090CF48 /* ChatRoomViewController.m */; };
		BB154ED51CDBA41C0090CF48 /* FocusPointViewController.m in Sources */ = {isa = PBXBuildFile; fileRef = BB154ED41CDBA41C0090CF48 /* FocusPointViewController.m */; };
		BB20D3061CEAE1A2009A39D4 /* KimiNetwork.m in Sources */ = {isa = PBXBuildFile; fileRef = BB20D3051CEAE1A2009A39D4 /* KimiNetwork.m */; };
		BB20D31B1CEAE1F5009A39D4 /* AFHTTPRequestOperation.m in Sources */ = {isa = PBXBuildFile; fileRef = BB20D3091CEAE1F5009A39D4 /* AFHTTPRequestOperation.m */; };
		BB20D31C1CEAE1F5009A39D4 /* AFHTTPRequestOperationManager.m in Sources */ = {isa = PBXBuildFile; fileRef = BB20D30B1CEAE1F5009A39D4 /* AFHTTPRequestOperationManager.m */; };
		BB20D31D1CEAE1F5009A39D4 /* AFHTTPSessionManager.m in Sources */ = {isa = PBXBuildFile; fileRef = BB20D30D1CEAE1F5009A39D4 /* AFHTTPSessionManager.m */; };
		BB20D31E1CEAE1F5009A39D4 /* AFNetworkReachabilityManager.m in Sources */ = {isa = PBXBuildFile; fileRef = BB20D3101CEAE1F5009A39D4 /* AFNetworkReachabilityManager.m */; };
		BB20D31F1CEAE1F5009A39D4 /* AFSecurityPolicy.m in Sources */ = {isa = PBXBuildFile; fileRef = BB20D3121CEAE1F5009A39D4 /* AFSecurityPolicy.m */; };
		BB20D3201CEAE1F5009A39D4 /* AFURLConnectionOperation.m in Sources */ = {isa = PBXBuildFile; fileRef = BB20D3141CEAE1F5009A39D4 /* AFURLConnectionOperation.m */; };
		BB20D3211CEAE1F5009A39D4 /* AFURLRequestSerialization.m in Sources */ = {isa = PBXBuildFile; fileRef = BB20D3161CEAE1F5009A39D4 /* AFURLRequestSerialization.m */; };
		BB20D3221CEAE1F5009A39D4 /* AFURLResponseSerialization.m in Sources */ = {isa = PBXBuildFile; fileRef = BB20D3181CEAE1F5009A39D4 /* AFURLResponseSerialization.m */; };
		BB20D3231CEAE1F5009A39D4 /* AFURLSessionManager.m in Sources */ = {isa = PBXBuildFile; fileRef = BB20D31A1CEAE1F5009A39D4 /* AFURLSessionManager.m */; };
		BB20D3271CEAEB8A009A39D4 /* iToast.m in Sources */ = {isa = PBXBuildFile; fileRef = BB20D3261CEAEB8A009A39D4 /* iToast.m */; settings = {COMPILER_FLAGS = "-fno-objc-arc"; }; };
		BB20D32F1CEAF926009A39D4 /* LocationViewController.m in Sources */ = {isa = PBXBuildFile; fileRef = BB20D32E1CEAF926009A39D4 /* LocationViewController.m */; };
		BB4AEDCF1CC2520900FC3F8A /* CinemaModel.m in Sources */ = {isa = PBXBuildFile; fileRef = BB4AEDCE1CC2520900FC3F8A /* CinemaModel.m */; };
		BB4AEDD41CC2558000FC3F8A /* CinemaCell.m in Sources */ = {isa = PBXBuildFile; fileRef = BB4AEDD31CC2558000FC3F8A /* CinemaCell.m */; };
		BB4AEDD61CC2638E00FC3F8A /* test.json in Resources */ = {isa = PBXBuildFile; fileRef = BB4AEDD51CC2638E00FC3F8A /* test.json */; };
		BB6A07DC1CE42FD9001662E3 /* Kimi_CinemaNavigationController.m in Sources */ = {isa = PBXBuildFile; fileRef = BB6A07DB1CE42FD9001662E3 /* Kimi_CinemaNavigationController.m */; };
		BB6D23CF1CE969CF00FC5BC4 /* README.md in Sources */ = {isa = PBXBuildFile; fileRef = BB6D23CE1CE969CF00FC5BC4 /* README.md */; };
		BB6D23D11CE9AD2900FC5BC4 /* CinemaItems.json in Resources */ = {isa = PBXBuildFile; fileRef = BB6D23D01CE9AD2900FC5BC4 /* CinemaItems.json */; };
		BB87366C1CDB763200621EB4 /* main.m in Sources */ = {isa = PBXBuildFile; fileRef = BB87366B1CDB763200621EB4 /* main.m */; };
		BB87366F1CDB763200621EB4 /* AppDelegate.m in Sources */ = {isa = PBXBuildFile; fileRef = BB87366E1CDB763200621EB4 /* AppDelegate.m */; };
		BB8736781CDB763200621EB4 /* Main.storyboard in Resources */ = {isa = PBXBuildFile; fileRef = BB8736761CDB763200621EB4 /* Main.storyboard */; };
		BB87367A1CDB763200621EB4 /* Assets.xcassets in Resources */ = {isa = PBXBuildFile; fileRef = BB8736791CDB763200621EB4 /* Assets.xcassets */; };
		BB87367D1CDB763200621EB4 /* LaunchScreen.storyboard in Resources */ = {isa = PBXBuildFile; fileRef = BB87367B1CDB763200621EB4 /* LaunchScreen.storyboard */; };
		BB8736881CDB763200621EB4 /* FreeTimeTests.m in Sources */ = {isa = PBXBuildFile; fileRef = BB8736871CDB763200621EB4 /* FreeTimeTests.m */; };
		BB8736931CDB763200621EB4 /* FreeTimeUITests.m in Sources */ = {isa = PBXBuildFile; fileRef = BB8736921CDB763200621EB4 /* FreeTimeUITests.m */; };
		BB8736A41CDB771E00621EB4 /* RootViewController.m in Sources */ = {isa = PBXBuildFile; fileRef = BB8736A31CDB771E00621EB4 /* RootViewController.m */; };
		BB8736A71CDB776200621EB4 /* CinemaViewController.m in Sources */ = {isa = PBXBuildFile; fileRef = BB8736A61CDB776200621EB4 /* CinemaViewController.m */; };
		BB8736AA1CDB778600621EB4 /* MovieViewController.m in Sources */ = {isa = PBXBuildFile; fileRef = BB8736A91CDB778600621EB4 /* MovieViewController.m */; };
		BB8736AD1CDB77C000621EB4 /* DiscoveryViewController.m in Sources */ = {isa = PBXBuildFile; fileRef = BB8736AC1CDB77C000621EB4 /* DiscoveryViewController.m */; };
		BB8736B01CDB782000621EB4 /* MineViewController.m in Sources */ = {isa = PBXBuildFile; fileRef = BB8736AF1CDB782000621EB4 /* MineViewController.m */; };
		BB9A37571CE6E12E00D3FBD4 /* background.jpg in Resources */ = {isa = PBXBuildFile; fileRef = BB9A373E1CE6E12E00D3FBD4 /* background.jpg */; };
		BB9A37581CE6E12E00D3FBD4 /* bottomtab1.png in Resources */ = {isa = PBXBuildFile; fileRef = BB9A373F1CE6E12E00D3FBD4 /* bottomtab1.png */; };
		BB9A37591CE6E12E00D3FBD4 /* bottomtab1@2x.png in Resources */ = {isa = PBXBuildFile; fileRef = BB9A37401CE6E12E00D3FBD4 /* bottomtab1@2x.png */; };
		BB9A375A1CE6E12E00D3FBD4 /* bottomtab1_1.png in Resources */ = {isa = PBXBuildFile; fileRef = BB9A37411CE6E12E00D3FBD4 /* bottomtab1_1.png */; };
		BB9A375B1CE6E12E00D3FBD4 /* bottomtab1_1@2x.png in Resources */ = {isa = PBXBuildFile; fileRef = BB9A37421CE6E12E00D3FBD4 /* bottomtab1_1@2x.png */; };
		BB9A375C1CE6E12E00D3FBD4 /* bottomtab2.png in Resources */ = {isa = PBXBuildFile; fileRef = BB9A37431CE6E12E00D3FBD4 /* bottomtab2.png */; };
		BB9A375D1CE6E12E00D3FBD4 /* bottomtab2@2x.png in Resources */ = {isa = PBXBuildFile; fileRef = BB9A37441CE6E12E00D3FBD4 /* bottomtab2@2x.png */; };
		BB9A375E1CE6E12E00D3FBD4 /* bottomtab2_1.png in Resources */ = {isa = PBXBuildFile; fileRef = BB9A37451CE6E12E00D3FBD4 /* bottomtab2_1.png */; };
		BB9A375F1CE6E12E00D3FBD4 /* bottomtab2_1@2x.png in Resources */ = {isa = PBXBuildFile; fileRef = BB9A37461CE6E12E00D3FBD4 /* bottomtab2_1@2x.png */; };
		BB9A37601CE6E12E00D3FBD4 /* bottomtab3.png in Resources */ = {isa = PBXBuildFile; fileRef = BB9A37471CE6E12E00D3FBD4 /* bottomtab3.png */; };
		BB9A37611CE6E12E00D3FBD4 /* bottomtab3@2x.png in Resources */ = {isa = PBXBuildFile; fileRef = BB9A37481CE6E12E00D3FBD4 /* bottomtab3@2x.png */; };
		BB9A37621CE6E12E00D3FBD4 /* bottomtab4.png in Resources */ = {isa = PBXBuildFile; fileRef = BB9A37491CE6E12E00D3FBD4 /* bottomtab4.png */; };
		BB9A37631CE6E12E00D3FBD4 /* bottomtab4@2x.png in Resources */ = {isa = PBXBuildFile; fileRef = BB9A374A1CE6E12E00D3FBD4 /* bottomtab4@2x.png */; };
		BB9A37641CE6E12E00D3FBD4 /* bottomtab4_1.png in Resources */ = {isa = PBXBuildFile; fileRef = BB9A374B1CE6E12E00D3FBD4 /* bottomtab4_1.png */; };
		BB9A37651CE6E12E00D3FBD4 /* bottomtab4_1@2x.png in Resources */ = {isa = PBXBuildFile; fileRef = BB9A374C1CE6E12E00D3FBD4 /* bottomtab4_1@2x.png */; };
		BB9A37661CE6E12E00D3FBD4 /* bottomtab5.png in Resources */ = {isa = PBXBuildFile; fileRef = BB9A374D1CE6E12E00D3FBD4 /* bottomtab5.png */; };
		BB9A37671CE6E12E00D3FBD4 /* bottomtab5@2x.png in Resources */ = {isa = PBXBuildFile; fileRef = BB9A374E1CE6E12E00D3FBD4 /* bottomtab5@2x.png */; };
		BB9A37681CE6E12E00D3FBD4 /* bottomtab5_1.png in Resources */ = {isa = PBXBuildFile; fileRef = BB9A374F1CE6E12E00D3FBD4 /* bottomtab5_1.png */; };
		BB9A37691CE6E12E00D3FBD4 /* bottomtab5_1@2x.png in Resources */ = {isa = PBXBuildFile; fileRef = BB9A37501CE6E12E00D3FBD4 /* bottomtab5_1@2x.png */; };
		BB9A376A1CE6E12E00D3FBD4 /* iconfont-jiantou-revolve.png in Resources */ = {isa = PBXBuildFile; fileRef = BB9A37511CE6E12E00D3FBD4 /* iconfont-jiantou-revolve.png */; };
		BB9A376B1CE6E12E00D3FBD4 /* iconfont-jiantou.png in Resources */ = {isa = PBXBuildFile; fileRef = BB9A37521CE6E12E00D3FBD4 /* iconfont-jiantou.png */; };
		BB9A376C1CE6E12E00D3FBD4 /* peetime.png in Resources */ = {isa = PBXBuildFile; fileRef = BB9A37531CE6E12E00D3FBD4 /* peetime.png */; };
		BB9A376D1CE6E12E00D3FBD4 /* peetime@2x.png in Resources */ = {isa = PBXBuildFile; fileRef = BB9A37541CE6E12E00D3FBD4 /* peetime@2x.png */; };
		BB9A376E1CE6E12E00D3FBD4 /* turnback.png in Resources */ = {isa = PBXBuildFile; fileRef = BB9A37551CE6E12E00D3FBD4 /* turnback.png */; };
		BB9A376F1CE6E12E00D3FBD4 /* 返回.png in Resources */ = {isa = PBXBuildFile; fileRef = BB9A37561CE6E12E00D3FBD4 /* 返回.png */; };
/* End PBXBuildFile section */

/* Begin PBXContainerItemProxy section */
		BB8736841CDB763200621EB4 /* PBXContainerItemProxy */ = {
			isa = PBXContainerItemProxy;
			containerPortal = BB87365F1CDB763200621EB4 /* Project object */;
			proxyType = 1;
			remoteGlobalIDString = BB8736661CDB763200621EB4;
			remoteInfo = FreeTime;
		};
		BB87368F1CDB763200621EB4 /* PBXContainerItemProxy */ = {
			isa = PBXContainerItemProxy;
			containerPortal = BB87365F1CDB763200621EB4 /* Project object */;
			proxyType = 1;
			remoteGlobalIDString = BB8736661CDB763200621EB4;
			remoteInfo = FreeTime;
		};
/* End PBXContainerItemProxy section */

/* Begin PBXFileReference section */
		BB154ECD1CDBA0D10090CF48 /* HallsViewController.h */ = {isa = PBXFileReference; fileEncoding = 4; lastKnownFileType = sourcecode.c.h; path = HallsViewController.h; sourceTree = "<group>"; };
		BB154ECE1CDBA0D10090CF48 /* HallsViewController.m */ = {isa = PBXFileReference; fileEncoding = 4; lastKnownFileType = sourcecode.c.objc; path = HallsViewController.m; sourceTree = "<group>"; };
		BB154ED01CDBA3EE0090CF48 /* ChatRoomViewController.h */ = {isa = PBXFileReference; fileEncoding = 4; lastKnownFileType = sourcecode.c.h; path = ChatRoomViewController.h; sourceTree = "<group>"; };
		BB154ED11CDBA3EE0090CF48 /* ChatRoomViewController.m */ = {isa = PBXFileReference; fileEncoding = 4; lastKnownFileType = sourcecode.c.objc; path = ChatRoomViewController.m; sourceTree = "<group>"; };
		BB154ED31CDBA41C0090CF48 /* FocusPointViewController.h */ = {isa = PBXFileReference; fileEncoding = 4; lastKnownFileType = sourcecode.c.h; path = FocusPointViewController.h; sourceTree = "<group>"; };
		BB154ED41CDBA41C0090CF48 /* FocusPointViewController.m */ = {isa = PBXFileReference; fileEncoding = 4; lastKnownFileType = sourcecode.c.objc; path = FocusPointViewController.m; sourceTree = "<group>"; };
		BB20D3041CEAE1A2009A39D4 /* KimiNetwork.h */ = {isa = PBXFileReference; fileEncoding = 4; lastKnownFileType = sourcecode.c.h; path = KimiNetwork.h; sourceTree = "<group>"; };
		BB20D3051CEAE1A2009A39D4 /* KimiNetwork.m */ = {isa = PBXFileReference; fileEncoding = 4; lastKnownFileType = sourcecode.c.objc; path = KimiNetwork.m; sourceTree = "<group>"; };
		BB20D3081CEAE1F5009A39D4 /* AFHTTPRequestOperation.h */ = {isa = PBXFileReference; fileEncoding = 4; lastKnownFileType = sourcecode.c.h; path = AFHTTPRequestOperation.h; sourceTree = "<group>"; };
		BB20D3091CEAE1F5009A39D4 /* AFHTTPRequestOperation.m */ = {isa = PBXFileReference; fileEncoding = 4; lastKnownFileType = sourcecode.c.objc; path = AFHTTPRequestOperation.m; sourceTree = "<group>"; };
		BB20D30A1CEAE1F5009A39D4 /* AFHTTPRequestOperationManager.h */ = {isa = PBXFileReference; fileEncoding = 4; lastKnownFileType = sourcecode.c.h; path = AFHTTPRequestOperationManager.h; sourceTree = "<group>"; };
		BB20D30B1CEAE1F5009A39D4 /* AFHTTPRequestOperationManager.m */ = {isa = PBXFileReference; fileEncoding = 4; lastKnownFileType = sourcecode.c.objc; path = AFHTTPRequestOperationManager.m; sourceTree = "<group>"; };
		BB20D30C1CEAE1F5009A39D4 /* AFHTTPSessionManager.h */ = {isa = PBXFileReference; fileEncoding = 4; lastKnownFileType = sourcecode.c.h; path = AFHTTPSessionManager.h; sourceTree = "<group>"; };
		BB20D30D1CEAE1F5009A39D4 /* AFHTTPSessionManager.m */ = {isa = PBXFileReference; fileEncoding = 4; lastKnownFileType = sourcecode.c.objc; path = AFHTTPSessionManager.m; sourceTree = "<group>"; };
		BB20D30E1CEAE1F5009A39D4 /* AFNetworking.h */ = {isa = PBXFileReference; fileEncoding = 4; lastKnownFileType = sourcecode.c.h; path = AFNetworking.h; sourceTree = "<group>"; };
		BB20D30F1CEAE1F5009A39D4 /* AFNetworkReachabilityManager.h */ = {isa = PBXFileReference; fileEncoding = 4; lastKnownFileType = sourcecode.c.h; path = AFNetworkReachabilityManager.h; sourceTree = "<group>"; };
		BB20D3101CEAE1F5009A39D4 /* AFNetworkReachabilityManager.m */ = {isa = PBXFileReference; fileEncoding = 4; lastKnownFileType = sourcecode.c.objc; path = AFNetworkReachabilityManager.m; sourceTree = "<group>"; };
		BB20D3111CEAE1F5009A39D4 /* AFSecurityPolicy.h */ = {isa = PBXFileReference; fileEncoding = 4; lastKnownFileType = sourcecode.c.h; path = AFSecurityPolicy.h; sourceTree = "<group>"; };
		BB20D3121CEAE1F5009A39D4 /* AFSecurityPolicy.m */ = {isa = PBXFileReference; fileEncoding = 4; lastKnownFileType = sourcecode.c.objc; path = AFSecurityPolicy.m; sourceTree = "<group>"; };
		BB20D3131CEAE1F5009A39D4 /* AFURLConnectionOperation.h */ = {isa = PBXFileReference; fileEncoding = 4; lastKnownFileType = sourcecode.c.h; path = AFURLConnectionOperation.h; sourceTree = "<group>"; };
		BB20D3141CEAE1F5009A39D4 /* AFURLConnectionOperation.m */ = {isa = PBXFileReference; fileEncoding = 4; lastKnownFileType = sourcecode.c.objc; path = AFURLConnectionOperation.m; sourceTree = "<group>"; };
		BB20D3151CEAE1F5009A39D4 /* AFURLRequestSerialization.h */ = {isa = PBXFileReference; fileEncoding = 4; lastKnownFileType = sourcecode.c.h; path = AFURLRequestSerialization.h; sourceTree = "<group>"; };
		BB20D3161CEAE1F5009A39D4 /* AFURLRequestSerialization.m */ = {isa = PBXFileReference; fileEncoding = 4; lastKnownFileType = sourcecode.c.objc; path = AFURLRequestSerialization.m; sourceTree = "<group>"; };
		BB20D3171CEAE1F5009A39D4 /* AFURLResponseSerialization.h */ = {isa = PBXFileReference; fileEncoding = 4; lastKnownFileType = sourcecode.c.h; path = AFURLResponseSerialization.h; sourceTree = "<group>"; };
		BB20D3181CEAE1F5009A39D4 /* AFURLResponseSerialization.m */ = {isa = PBXFileReference; fileEncoding = 4; lastKnownFileType = sourcecode.c.objc; path = AFURLResponseSerialization.m; sourceTree = "<group>"; };
		BB20D3191CEAE1F5009A39D4 /* AFURLSessionManager.h */ = {isa = PBXFileReference; fileEncoding = 4; lastKnownFileType = sourcecode.c.h; path = AFURLSessionManager.h; sourceTree = "<group>"; };
		BB20D31A1CEAE1F5009A39D4 /* AFURLSessionManager.m */ = {isa = PBXFileReference; fileEncoding = 4; lastKnownFileType = sourcecode.c.objc; path = AFURLSessionManager.m; sourceTree = "<group>"; };
		BB20D3251CEAEB8A009A39D4 /* iToast.h */ = {isa = PBXFileReference; fileEncoding = 4; lastKnownFileType = sourcecode.c.h; path = iToast.h; sourceTree = "<group>"; };
		BB20D3261CEAEB8A009A39D4 /* iToast.m */ = {isa = PBXFileReference; fileEncoding = 4; lastKnownFileType = sourcecode.c.objc; path = iToast.m; sourceTree = "<group>"; };
		BB20D32D1CEAF926009A39D4 /* LocationViewController.h */ = {isa = PBXFileReference; fileEncoding = 4; lastKnownFileType = sourcecode.c.h; path = LocationViewController.h; sourceTree = "<group>"; };
		BB20D32E1CEAF926009A39D4 /* LocationViewController.m */ = {isa = PBXFileReference; fileEncoding = 4; lastKnownFileType = sourcecode.c.objc; path = LocationViewController.m; sourceTree = "<group>"; };
		BB4AEDCD1CC2520900FC3F8A /* CinemaModel.h */ = {isa = PBXFileReference; fileEncoding = 4; lastKnownFileType = sourcecode.c.h; path = CinemaModel.h; sourceTree = "<group>"; };
		BB4AEDCE1CC2520900FC3F8A /* CinemaModel.m */ = {isa = PBXFileReference; fileEncoding = 4; lastKnownFileType = sourcecode.c.objc; path = CinemaModel.m; sourceTree = "<group>"; };
		BB4AEDD21CC2558000FC3F8A /* CinemaCell.h */ = {isa = PBXFileReference; fileEncoding = 4; lastKnownFileType = sourcecode.c.h; path = CinemaCell.h; sourceTree = "<group>"; };
		BB4AEDD31CC2558000FC3F8A /* CinemaCell.m */ = {isa = PBXFileReference; fileEncoding = 4; lastKnownFileType = sourcecode.c.objc; path = CinemaCell.m; sourceTree = "<group>"; };
		BB4AEDD51CC2638E00FC3F8A /* test.json */ = {isa = PBXFileReference; fileEncoding = 4; lastKnownFileType = text.json; path = test.json; sourceTree = "<group>"; };
		BB6A07DA1CE42FD9001662E3 /* Kimi_CinemaNavigationController.h */ = {isa = PBXFileReference; fileEncoding = 4; lastKnownFileType = sourcecode.c.h; path = Kimi_CinemaNavigationController.h; sourceTree = "<group>"; };
		BB6A07DB1CE42FD9001662E3 /* Kimi_CinemaNavigationController.m */ = {isa = PBXFileReference; fileEncoding = 4; lastKnownFileType = sourcecode.c.objc; path = Kimi_CinemaNavigationController.m; sourceTree = "<group>"; };
		BB6D23CE1CE969CF00FC5BC4 /* README.md */ = {isa = PBXFileReference; fileEncoding = 4; lastKnownFileType = net.daringfireball.markdown; path = README.md; sourceTree = "<group>"; };
		BB6D23D01CE9AD2900FC5BC4 /* CinemaItems.json */ = {isa = PBXFileReference; fileEncoding = 4; lastKnownFileType = text.json; path = CinemaItems.json; sourceTree = "<group>"; };
		BB8736671CDB763200621EB4 /* FreeTime.app */ = {isa = PBXFileReference; explicitFileType = wrapper.application; includeInIndex = 0; path = FreeTime.app; sourceTree = BUILT_PRODUCTS_DIR; };
		BB87366B1CDB763200621EB4 /* main.m */ = {isa = PBXFileReference; lastKnownFileType = sourcecode.c.objc; path = main.m; sourceTree = "<group>"; };
		BB87366D1CDB763200621EB4 /* AppDelegate.h */ = {isa = PBXFileReference; lastKnownFileType = sourcecode.c.h; path = AppDelegate.h; sourceTree = "<group>"; };
		BB87366E1CDB763200621EB4 /* AppDelegate.m */ = {isa = PBXFileReference; lastKnownFileType = sourcecode.c.objc; path = AppDelegate.m; sourceTree = "<group>"; };
		BB8736771CDB763200621EB4 /* Base */ = {isa = PBXFileReference; lastKnownFileType = file.storyboard; name = Base; path = Base.lproj/Main.storyboard; sourceTree = "<group>"; };
		BB8736791CDB763200621EB4 /* Assets.xcassets */ = {isa = PBXFileReference; lastKnownFileType = folder.assetcatalog; path = Assets.xcassets; sourceTree = "<group>"; };
		BB87367C1CDB763200621EB4 /* Base */ = {isa = PBXFileReference; lastKnownFileType = file.storyboard; name = Base; path = Base.lproj/LaunchScreen.storyboard; sourceTree = "<group>"; };
		BB87367E1CDB763200621EB4 /* Info.plist */ = {isa = PBXFileReference; lastKnownFileType = text.plist.xml; path = Info.plist; sourceTree = "<group>"; };
		BB8736831CDB763200621EB4 /* FreeTimeTests.xctest */ = {isa = PBXFileReference; explicitFileType = wrapper.cfbundle; includeInIndex = 0; path = FreeTimeTests.xctest; sourceTree = BUILT_PRODUCTS_DIR; };
		BB8736871CDB763200621EB4 /* FreeTimeTests.m */ = {isa = PBXFileReference; lastKnownFileType = sourcecode.c.objc; path = FreeTimeTests.m; sourceTree = "<group>"; };
		BB8736891CDB763200621EB4 /* Info.plist */ = {isa = PBXFileReference; lastKnownFileType = text.plist.xml; path = Info.plist; sourceTree = "<group>"; };
		BB87368E1CDB763200621EB4 /* FreeTimeUITests.xctest */ = {isa = PBXFileReference; explicitFileType = wrapper.cfbundle; includeInIndex = 0; path = FreeTimeUITests.xctest; sourceTree = BUILT_PRODUCTS_DIR; };
		BB8736921CDB763200621EB4 /* FreeTimeUITests.m */ = {isa = PBXFileReference; lastKnownFileType = sourcecode.c.objc; path = FreeTimeUITests.m; sourceTree = "<group>"; };
		BB8736941CDB763200621EB4 /* Info.plist */ = {isa = PBXFileReference; lastKnownFileType = text.plist.xml; path = Info.plist; sourceTree = "<group>"; };
		BB8736A21CDB771E00621EB4 /* RootViewController.h */ = {isa = PBXFileReference; fileEncoding = 4; lastKnownFileType = sourcecode.c.h; path = RootViewController.h; sourceTree = "<group>"; };
		BB8736A31CDB771E00621EB4 /* RootViewController.m */ = {isa = PBXFileReference; fileEncoding = 4; lastKnownFileType = sourcecode.c.objc; path = RootViewController.m; sourceTree = "<group>"; };
		BB8736A51CDB776200621EB4 /* CinemaViewController.h */ = {isa = PBXFileReference; fileEncoding = 4; lastKnownFileType = sourcecode.c.h; path = CinemaViewController.h; sourceTree = "<group>"; };
		BB8736A61CDB776200621EB4 /* CinemaViewController.m */ = {isa = PBXFileReference; fileEncoding = 4; lastKnownFileType = sourcecode.c.objc; path = CinemaViewController.m; sourceTree = "<group>"; };
		BB8736A81CDB778600621EB4 /* MovieViewController.h */ = {isa = PBXFileReference; fileEncoding = 4; lastKnownFileType = sourcecode.c.h; path = MovieViewController.h; sourceTree = "<group>"; };
		BB8736A91CDB778600621EB4 /* MovieViewController.m */ = {isa = PBXFileReference; fileEncoding = 4; lastKnownFileType = sourcecode.c.objc; path = MovieViewController.m; sourceTree = "<group>"; };
		BB8736AB1CDB77C000621EB4 /* DiscoveryViewController.h */ = {isa = PBXFileReference; fileEncoding = 4; lastKnownFileType = sourcecode.c.h; path = DiscoveryViewController.h; sourceTree = "<group>"; };
		BB8736AC1CDB77C000621EB4 /* DiscoveryViewController.m */ = {isa = PBXFileReference; fileEncoding = 4; lastKnownFileType = sourcecode.c.objc; path = DiscoveryViewController.m; sourceTree = "<group>"; };
		BB8736AE1CDB782000621EB4 /* MineViewController.h */ = {isa = PBXFileReference; fileEncoding = 4; lastKnownFileType = sourcecode.c.h; path = MineViewController.h; sourceTree = "<group>"; };
		BB8736AF1CDB782000621EB4 /* MineViewController.m */ = {isa = PBXFileReference; fileEncoding = 4; lastKnownFileType = sourcecode.c.objc; path = MineViewController.m; sourceTree = "<group>"; };
		BB97C53E1CE4B02400D59245 /* Defines.h */ = {isa = PBXFileReference; lastKnownFileType = sourcecode.c.h; path = Defines.h; sourceTree = "<group>"; };
		BB9A373E1CE6E12E00D3FBD4 /* background.jpg */ = {isa = PBXFileReference; lastKnownFileType = image.jpeg; path = background.jpg; sourceTree = "<group>"; };
		BB9A373F1CE6E12E00D3FBD4 /* bottomtab1.png */ = {isa = PBXFileReference; lastKnownFileType = image.png; path = bottomtab1.png; sourceTree = "<group>"; };
		BB9A37401CE6E12E00D3FBD4 /* bottomtab1@2x.png */ = {isa = PBXFileReference; lastKnownFileType = image.png; path = "bottomtab1@2x.png"; sourceTree = "<group>"; };
		BB9A37411CE6E12E00D3FBD4 /* bottomtab1_1.png */ = {isa = PBXFileReference; lastKnownFileType = image.png; path = bottomtab1_1.png; sourceTree = "<group>"; };
		BB9A37421CE6E12E00D3FBD4 /* bottomtab1_1@2x.png */ = {isa = PBXFileReference; lastKnownFileType = image.png; path = "bottomtab1_1@2x.png"; sourceTree = "<group>"; };
		BB9A37431CE6E12E00D3FBD4 /* bottomtab2.png */ = {isa = PBXFileReference; lastKnownFileType = image.png; path = bottomtab2.png; sourceTree = "<group>"; };
		BB9A37441CE6E12E00D3FBD4 /* bottomtab2@2x.png */ = {isa = PBXFileReference; lastKnownFileType = image.png; path = "bottomtab2@2x.png"; sourceTree = "<group>"; };
		BB9A37451CE6E12E00D3FBD4 /* bottomtab2_1.png */ = {isa = PBXFileReference; lastKnownFileType = image.png; path = bottomtab2_1.png; sourceTree = "<group>"; };
		BB9A37461CE6E12E00D3FBD4 /* bottomtab2_1@2x.png */ = {isa = PBXFileReference; lastKnownFileType = image.png; path = "bottomtab2_1@2x.png"; sourceTree = "<group>"; };
		BB9A37471CE6E12E00D3FBD4 /* bottomtab3.png */ = {isa = PBXFileReference; lastKnownFileType = image.png; path = bottomtab3.png; sourceTree = "<group>"; };
		BB9A37481CE6E12E00D3FBD4 /* bottomtab3@2x.png */ = {isa = PBXFileReference; lastKnownFileType = image.png; path = "bottomtab3@2x.png"; sourceTree = "<group>"; };
		BB9A37491CE6E12E00D3FBD4 /* bottomtab4.png */ = {isa = PBXFileReference; lastKnownFileType = image.png; path = bottomtab4.png; sourceTree = "<group>"; };
		BB9A374A1CE6E12E00D3FBD4 /* bottomtab4@2x.png */ = {isa = PBXFileReference; lastKnownFileType = image.png; path = "bottomtab4@2x.png"; sourceTree = "<group>"; };
		BB9A374B1CE6E12E00D3FBD4 /* bottomtab4_1.png */ = {isa = PBXFileReference; lastKnownFileType = image.png; path = bottomtab4_1.png; sourceTree = "<group>"; };
		BB9A374C1CE6E12E00D3FBD4 /* bottomtab4_1@2x.png */ = {isa = PBXFileReference; lastKnownFileType = image.png; path = "bottomtab4_1@2x.png"; sourceTree = "<group>"; };
		BB9A374D1CE6E12E00D3FBD4 /* bottomtab5.png */ = {isa = PBXFileReference; lastKnownFileType = image.png; path = bottomtab5.png; sourceTree = "<group>"; };
		BB9A374E1CE6E12E00D3FBD4 /* bottomtab5@2x.png */ = {isa = PBXFileReference; lastKnownFileType = image.png; path = "bottomtab5@2x.png"; sourceTree = "<group>"; };
		BB9A374F1CE6E12E00D3FBD4 /* bottomtab5_1.png */ = {isa = PBXFileReference; lastKnownFileType = image.png; path = bottomtab5_1.png; sourceTree = "<group>"; };
		BB9A37501CE6E12E00D3FBD4 /* bottomtab5_1@2x.png */ = {isa = PBXFileReference; lastKnownFileType = image.png; path = "bottomtab5_1@2x.png"; sourceTree = "<group>"; };
		BB9A37511CE6E12E00D3FBD4 /* iconfont-jiantou-revolve.png */ = {isa = PBXFileReference; lastKnownFileType = image.png; path = "iconfont-jiantou-revolve.png"; sourceTree = "<group>"; };
		BB9A37521CE6E12E00D3FBD4 /* iconfont-jiantou.png */ = {isa = PBXFileReference; lastKnownFileType = image.png; path = "iconfont-jiantou.png"; sourceTree = "<group>"; };
		BB9A37531CE6E12E00D3FBD4 /* peetime.png */ = {isa = PBXFileReference; lastKnownFileType = image.png; path = peetime.png; sourceTree = "<group>"; };
		BB9A37541CE6E12E00D3FBD4 /* peetime@2x.png */ = {isa = PBXFileReference; lastKnownFileType = image.png; path = "peetime@2x.png"; sourceTree = "<group>"; };
		BB9A37551CE6E12E00D3FBD4 /* turnback.png */ = {isa = PBXFileReference; lastKnownFileType = image.png; path = turnback.png; sourceTree = "<group>"; };
		BB9A37561CE6E12E00D3FBD4 /* 返回.png */ = {isa = PBXFileReference; lastKnownFileType = image.png; path = "返回.png"; sourceTree = "<group>"; };
/* End PBXFileReference section */

/* Begin PBXFrameworksBuildPhase section */
		BB8736641CDB763200621EB4 /* Frameworks */ = {
			isa = PBXFrameworksBuildPhase;
			buildActionMask = 2147483647;
			files = (
			);
			runOnlyForDeploymentPostprocessing = 0;
		};
		BB8736801CDB763200621EB4 /* Frameworks */ = {
			isa = PBXFrameworksBuildPhase;
			buildActionMask = 2147483647;
			files = (
			);
			runOnlyForDeploymentPostprocessing = 0;
		};
		BB87368B1CDB763200621EB4 /* Frameworks */ = {
			isa = PBXFrameworksBuildPhase;
			buildActionMask = 2147483647;
			files = (
			);
			runOnlyForDeploymentPostprocessing = 0;
		};
/* End PBXFrameworksBuildPhase section */

/* Begin PBXGroup section */
		BB154EC91CDB9DCE0090CF48 /* Cinema */ = {
			isa = PBXGroup;
			children = (
				BB6A07DA1CE42FD9001662E3 /* Kimi_CinemaNavigationController.h */,
				BB6A07DB1CE42FD9001662E3 /* Kimi_CinemaNavigationController.m */,
				BB20D32C1CEAF8F8009A39D4 /* Location */,
				BB20D3281CEAF893009A39D4 /* Cinema */,
				BB20D3291CEAF8A7009A39D4 /* Halls */,
				BB20D32B1CEAF8BD009A39D4 /* FocusPoint */,
				BB20D32A1CEAF8B1009A39D4 /* ChatRoom */,
			);
			name = Cinema;
			sourceTree = "<group>";
		};
		BB154ECA1CDB9DEA0090CF48 /* Movie */ = {
			isa = PBXGroup;
			children = (
				BB8736A81CDB778600621EB4 /* MovieViewController.h */,
				BB8736A91CDB778600621EB4 /* MovieViewController.m */,
			);
			name = Movie;
			sourceTree = "<group>";
		};
		BB154ECB1CDB9E060090CF48 /* Discovery */ = {
			isa = PBXGroup;
			children = (
				BB8736AB1CDB77C000621EB4 /* DiscoveryViewController.h */,
				BB8736AC1CDB77C000621EB4 /* DiscoveryViewController.m */,
			);
			name = Discovery;
			sourceTree = "<group>";
		};
		BB154ECC1CDB9E190090CF48 /* Mine */ = {
			isa = PBXGroup;
			children = (
				BB8736AE1CDB782000621EB4 /* MineViewController.h */,
				BB8736AF1CDB782000621EB4 /* MineViewController.m */,
			);
			name = Mine;
			sourceTree = "<group>";
		};
		BB20D3021CEAE09E009A39D4 /* Others */ = {
			isa = PBXGroup;
			children = (
				BB20D3241CEAEB7B009A39D4 /* iToast */,
				BB20D3031CEAE0B3009A39D4 /* Network */,
				BB97C53D1CE4AFD800D59245 /* Publics */,
			);
			name = Others;
			sourceTree = "<group>";
		};
		BB20D3031CEAE0B3009A39D4 /* Network */ = {
			isa = PBXGroup;
			children = (
				BB20D3071CEAE1F5009A39D4 /* AFNetworking */,
				BB20D3041CEAE1A2009A39D4 /* KimiNetwork.h */,
				BB20D3051CEAE1A2009A39D4 /* KimiNetwork.m */,
			);
			name = Network;
			sourceTree = "<group>";
		};
		BB20D3071CEAE1F5009A39D4 /* AFNetworking */ = {
			isa = PBXGroup;
			children = (
				BB20D3081CEAE1F5009A39D4 /* AFHTTPRequestOperation.h */,
				BB20D3091CEAE1F5009A39D4 /* AFHTTPRequestOperation.m */,
				BB20D30A1CEAE1F5009A39D4 /* AFHTTPRequestOperationManager.h */,
				BB20D30B1CEAE1F5009A39D4 /* AFHTTPRequestOperationManager.m */,
				BB20D30C1CEAE1F5009A39D4 /* AFHTTPSessionManager.h */,
				BB20D30D1CEAE1F5009A39D4 /* AFHTTPSessionManager.m */,
				BB20D30E1CEAE1F5009A39D4 /* AFNetworking.h */,
				BB20D30F1CEAE1F5009A39D4 /* AFNetworkReachabilityManager.h */,
				BB20D3101CEAE1F5009A39D4 /* AFNetworkReachabilityManager.m */,
				BB20D3111CEAE1F5009A39D4 /* AFSecurityPolicy.h */,
				BB20D3121CEAE1F5009A39D4 /* AFSecurityPolicy.m */,
				BB20D3131CEAE1F5009A39D4 /* AFURLConnectionOperation.h */,
				BB20D3141CEAE1F5009A39D4 /* AFURLConnectionOperation.m */,
				BB20D3151CEAE1F5009A39D4 /* AFURLRequestSerialization.h */,
				BB20D3161CEAE1F5009A39D4 /* AFURLRequestSerialization.m */,
				BB20D3171CEAE1F5009A39D4 /* AFURLResponseSerialization.h */,
				BB20D3181CEAE1F5009A39D4 /* AFURLResponseSerialization.m */,
				BB20D3191CEAE1F5009A39D4 /* AFURLSessionManager.h */,
				BB20D31A1CEAE1F5009A39D4 /* AFURLSessionManager.m */,
			);
			path = AFNetworking;
			sourceTree = "<group>";
		};
		BB20D3241CEAEB7B009A39D4 /* iToast */ = {
			isa = PBXGroup;
			children = (
				BB20D3251CEAEB8A009A39D4 /* iToast.h */,
				BB20D3261CEAEB8A009A39D4 /* iToast.m */,
			);
			name = iToast;
			sourceTree = "<group>";
		};
		BB20D3281CEAF893009A39D4 /* Cinema */ = {
			isa = PBXGroup;
			children = (
				BB8736A51CDB776200621EB4 /* CinemaViewController.h */,
				BB8736A61CDB776200621EB4 /* CinemaViewController.m */,
			);
			name = Cinema;
			sourceTree = "<group>";
		};
		BB20D3291CEAF8A7009A39D4 /* Halls */ = {
			isa = PBXGroup;
			children = (
				BB154ECD1CDBA0D10090CF48 /* HallsViewController.h */,
				BB154ECE1CDBA0D10090CF48 /* HallsViewController.m */,
			);
			name = Halls;
			sourceTree = "<group>";
		};
		BB20D32A1CEAF8B1009A39D4 /* ChatRoom */ = {
			isa = PBXGroup;
			children = (
				BB154ED01CDBA3EE0090CF48 /* ChatRoomViewController.h */,
				BB154ED11CDBA3EE0090CF48 /* ChatRoomViewController.m */,
			);
			name = ChatRoom;
			sourceTree = "<group>";
		};
		BB20D32B1CEAF8BD009A39D4 /* FocusPoint */ = {
			isa = PBXGroup;
			children = (
				BB154ED31CDBA41C0090CF48 /* FocusPointViewController.h */,
				BB154ED41CDBA41C0090CF48 /* FocusPointViewController.m */,
			);
			name = FocusPoint;
			sourceTree = "<group>";
		};
		BB20D32C1CEAF8F8009A39D4 /* Location */ = {
			isa = PBXGroup;
			children = (
				BB20D32D1CEAF926009A39D4 /* LocationViewController.h */,
				BB20D32E1CEAF926009A39D4 /* LocationViewController.m */,
			);
			name = Location;
			sourceTree = "<group>";
		};
		BB4AEDCC1CC251C700FC3F8A /* Cinema */ = {
			isa = PBXGroup;
			children = (
				BB4AEDCD1CC2520900FC3F8A /* CinemaModel.h */,
				BB4AEDCE1CC2520900FC3F8A /* CinemaModel.m */,
			);
			name = Cinema;
			sourceTree = "<group>";
		};
		BB4AEDD01CC2552A00FC3F8A /* View */ = {
			isa = PBXGroup;
			children = (
				BB4AEDD11CC2554F00FC3F8A /* Cinema */,
			);
			name = View;
			sourceTree = "<group>";
		};
		BB4AEDD11CC2554F00FC3F8A /* Cinema */ = {
			isa = PBXGroup;
			children = (
				BB4AEDD21CC2558000FC3F8A /* CinemaCell.h */,
				BB4AEDD31CC2558000FC3F8A /* CinemaCell.m */,
			);
			name = Cinema;
			sourceTree = "<group>";
		};
		BB87365E1CDB763200621EB4 = {
			isa = PBXGroup;
			children = (
				BB8736691CDB763200621EB4 /* FreeTime */,
				BB8736861CDB763200621EB4 /* FreeTimeTests */,
				BB8736911CDB763200621EB4 /* FreeTimeUITests */,
				BB8736681CDB763200621EB4 /* Products */,
				BB6D23CE1CE969CF00FC5BC4 /* README.md */,
			);
			sourceTree = "<group>";
		};
		BB8736681CDB763200621EB4 /* Products */ = {
			isa = PBXGroup;
			children = (
				BB8736671CDB763200621EB4 /* FreeTime.app */,
				BB8736831CDB763200621EB4 /* FreeTimeTests.xctest */,
				BB87368E1CDB763200621EB4 /* FreeTimeUITests.xctest */,
			);
			name = Products;
			sourceTree = "<group>";
		};
		BB8736691CDB763200621EB4 /* FreeTime */ = {
			isa = PBXGroup;
			children = (
				BB8736A11CDB76B100621EB4 /* ViewController */,
				BB8736A01CDB769400621EB4 /* Model */,
				BB4AEDD01CC2552A00FC3F8A /* View */,
				BB20D3021CEAE09E009A39D4 /* Others */,
				BB8736B11CDB7A0C00621EB4 /* Resources */,
				BB87366D1CDB763200621EB4 /* AppDelegate.h */,
				BB87366E1CDB763200621EB4 /* AppDelegate.m */,
				BB8736761CDB763200621EB4 /* Main.storyboard */,
				BB8736791CDB763200621EB4 /* Assets.xcassets */,
				BB87367B1CDB763200621EB4 /* LaunchScreen.storyboard */,
				BB87367E1CDB763200621EB4 /* Info.plist */,
				BB87366A1CDB763200621EB4 /* Supporting Files */,
			);
			path = FreeTime;
			sourceTree = "<group>";
		};
		BB87366A1CDB763200621EB4 /* Supporting Files */ = {
			isa = PBXGroup;
			children = (
				BB87366B1CDB763200621EB4 /* main.m */,
			);
			name = "Supporting Files";
			sourceTree = "<group>";
		};
		BB8736861CDB763200621EB4 /* FreeTimeTests */ = {
			isa = PBXGroup;
			children = (
				BB8736871CDB763200621EB4 /* FreeTimeTests.m */,
				BB8736891CDB763200621EB4 /* Info.plist */,
			);
			path = FreeTimeTests;
			sourceTree = "<group>";
		};
		BB8736911CDB763200621EB4 /* FreeTimeUITests */ = {
			isa = PBXGroup;
			children = (
				BB8736921CDB763200621EB4 /* FreeTimeUITests.m */,
				BB8736941CDB763200621EB4 /* Info.plist */,
			);
			path = FreeTimeUITests;
			sourceTree = "<group>";
		};
		BB8736A01CDB769400621EB4 /* Model */ = {
			isa = PBXGroup;
			children = (
				BB4AEDCC1CC251C700FC3F8A /* Cinema */,
			);
			name = Model;
			sourceTree = "<group>";
		};
		BB8736A11CDB76B100621EB4 /* ViewController */ = {
			isa = PBXGroup;
			children = (
				BB8736A21CDB771E00621EB4 /* RootViewController.h */,
				BB8736A31CDB771E00621EB4 /* RootViewController.m */,
				BB154EC91CDB9DCE0090CF48 /* Cinema */,
				BB154ECA1CDB9DEA0090CF48 /* Movie */,
				BB154ECB1CDB9E060090CF48 /* Discovery */,
				BB154ECC1CDB9E190090CF48 /* Mine */,
			);
			name = ViewController;
			sourceTree = "<group>";
		};
		BB8736B11CDB7A0C00621EB4 /* Resources */ = {
			isa = PBXGroup;
			children = (
				BB9A373D1CE6E12E00D3FBD4 /* icon2 */,
				BB6D23D01CE9AD2900FC5BC4 /* CinemaItems.json */,
				BB4AEDD51CC2638E00FC3F8A /* test.json */,
			);
			name = Resources;
			sourceTree = "<group>";
		};
		BB97C53D1CE4AFD800D59245 /* Publics */ = {
			isa = PBXGroup;
			children = (
				BB97C53E1CE4B02400D59245 /* Defines.h */,
			);
			name = Publics;
			sourceTree = "<group>";
		};
		BB9A373D1CE6E12E00D3FBD4 /* icon2 */ = {
			isa = PBXGroup;
			children = (
				BB9A373E1CE6E12E00D3FBD4 /* background.jpg */,
				BB9A373F1CE6E12E00D3FBD4 /* bottomtab1.png */,
				BB9A37401CE6E12E00D3FBD4 /* bottomtab1@2x.png */,
				BB9A37411CE6E12E00D3FBD4 /* bottomtab1_1.png */,
				BB9A37421CE6E12E00D3FBD4 /* bottomtab1_1@2x.png */,
				BB9A37431CE6E12E00D3FBD4 /* bottomtab2.png */,
				BB9A37441CE6E12E00D3FBD4 /* bottomtab2@2x.png */,
				BB9A37451CE6E12E00D3FBD4 /* bottomtab2_1.png */,
				BB9A37461CE6E12E00D3FBD4 /* bottomtab2_1@2x.png */,
				BB9A37471CE6E12E00D3FBD4 /* bottomtab3.png */,
				BB9A37481CE6E12E00D3FBD4 /* bottomtab3@2x.png */,
				BB9A37491CE6E12E00D3FBD4 /* bottomtab4.png */,
				BB9A374A1CE6E12E00D3FBD4 /* bottomtab4@2x.png */,
				BB9A374B1CE6E12E00D3FBD4 /* bottomtab4_1.png */,
				BB9A374C1CE6E12E00D3FBD4 /* bottomtab4_1@2x.png */,
				BB9A374D1CE6E12E00D3FBD4 /* bottomtab5.png */,
				BB9A374E1CE6E12E00D3FBD4 /* bottomtab5@2x.png */,
				BB9A374F1CE6E12E00D3FBD4 /* bottomtab5_1.png */,
				BB9A37501CE6E12E00D3FBD4 /* bottomtab5_1@2x.png */,
				BB9A37511CE6E12E00D3FBD4 /* iconfont-jiantou-revolve.png */,
				BB9A37521CE6E12E00D3FBD4 /* iconfont-jiantou.png */,
				BB9A37531CE6E12E00D3FBD4 /* peetime.png */,
				BB9A37541CE6E12E00D3FBD4 /* peetime@2x.png */,
				BB9A37551CE6E12E00D3FBD4 /* turnback.png */,
				BB9A37561CE6E12E00D3FBD4 /* 返回.png */,
			);
			path = icon2;
			sourceTree = "<group>";
		};
/* End PBXGroup section */

/* Begin PBXNativeTarget section */
		BB8736661CDB763200621EB4 /* FreeTime */ = {
			isa = PBXNativeTarget;
			buildConfigurationList = BB8736971CDB763200621EB4 /* Build configuration list for PBXNativeTarget "FreeTime" */;
			buildPhases = (
				BB8736631CDB763200621EB4 /* Sources */,
				BB8736641CDB763200621EB4 /* Frameworks */,
				BB8736651CDB763200621EB4 /* Resources */,
			);
			buildRules = (
			);
			dependencies = (
			);
			name = FreeTime;
			productName = FreeTime;
			productReference = BB8736671CDB763200621EB4 /* FreeTime.app */;
			productType = "com.apple.product-type.application";
		};
		BB8736821CDB763200621EB4 /* FreeTimeTests */ = {
			isa = PBXNativeTarget;
			buildConfigurationList = BB87369A1CDB763200621EB4 /* Build configuration list for PBXNativeTarget "FreeTimeTests" */;
			buildPhases = (
				BB87367F1CDB763200621EB4 /* Sources */,
				BB8736801CDB763200621EB4 /* Frameworks */,
				BB8736811CDB763200621EB4 /* Resources */,
			);
			buildRules = (
			);
			dependencies = (
				BB8736851CDB763200621EB4 /* PBXTargetDependency */,
			);
			name = FreeTimeTests;
			productName = FreeTimeTests;
			productReference = BB8736831CDB763200621EB4 /* FreeTimeTests.xctest */;
			productType = "com.apple.product-type.bundle.unit-test";
		};
		BB87368D1CDB763200621EB4 /* FreeTimeUITests */ = {
			isa = PBXNativeTarget;
			buildConfigurationList = BB87369D1CDB763200621EB4 /* Build configuration list for PBXNativeTarget "FreeTimeUITests" */;
			buildPhases = (
				BB87368A1CDB763200621EB4 /* Sources */,
				BB87368B1CDB763200621EB4 /* Frameworks */,
				BB87368C1CDB763200621EB4 /* Resources */,
			);
			buildRules = (
			);
			dependencies = (
				BB8736901CDB763200621EB4 /* PBXTargetDependency */,
			);
			name = FreeTimeUITests;
			productName = FreeTimeUITests;
			productReference = BB87368E1CDB763200621EB4 /* FreeTimeUITests.xctest */;
			productType = "com.apple.product-type.bundle.ui-testing";
		};
/* End PBXNativeTarget section */

/* Begin PBXProject section */
		BB87365F1CDB763200621EB4 /* Project object */ = {
			isa = PBXProject;
			attributes = {
				LastUpgradeCheck = 0730;
				ORGANIZATIONNAME = "周祺华";
				TargetAttributes = {
					BB8736661CDB763200621EB4 = {
						CreatedOnToolsVersion = 7.3;
						DevelopmentTeam = AA2X2FK35G;
					};
					BB8736821CDB763200621EB4 = {
						CreatedOnToolsVersion = 7.3;
						TestTargetID = BB8736661CDB763200621EB4;
					};
					BB87368D1CDB763200621EB4 = {
						CreatedOnToolsVersion = 7.3;
						TestTargetID = BB8736661CDB763200621EB4;
					};
				};
			};
			buildConfigurationList = BB8736621CDB763200621EB4 /* Build configuration list for PBXProject "FreeTime" */;
			compatibilityVersion = "Xcode 3.2";
			developmentRegion = English;
			hasScannedForEncodings = 0;
			knownRegions = (
				en,
				Base,
			);
			mainGroup = BB87365E1CDB763200621EB4;
			productRefGroup = BB8736681CDB763200621EB4 /* Products */;
			projectDirPath = "";
			projectRoot = "";
			targets = (
				BB8736661CDB763200621EB4 /* FreeTime */,
				BB8736821CDB763200621EB4 /* FreeTimeTests */,
				BB87368D1CDB763200621EB4 /* FreeTimeUITests */,
			);
		};
/* End PBXProject section */

/* Begin PBXResourcesBuildPhase section */
		BB8736651CDB763200621EB4 /* Resources */ = {
			isa = PBXResourcesBuildPhase;
			buildActionMask = 2147483647;
			files = (
				BB9A376C1CE6E12E00D3FBD4 /* peetime.png in Resources */,
				BB9A376E1CE6E12E00D3FBD4 /* turnback.png in Resources */,
				BB9A37651CE6E12E00D3FBD4 /* bottomtab4_1@2x.png in Resources */,
				BB9A37641CE6E12E00D3FBD4 /* bottomtab4_1.png in Resources */,
				BB87367D1CDB763200621EB4 /* LaunchScreen.storyboard in Resources */,
				BB9A37571CE6E12E00D3FBD4 /* background.jpg in Resources */,
				BB9A37581CE6E12E00D3FBD4 /* bottomtab1.png in Resources */,
				BB9A37591CE6E12E00D3FBD4 /* bottomtab1@2x.png in Resources */,
				BB9A376B1CE6E12E00D3FBD4 /* iconfont-jiantou.png in Resources */,
				BB9A37681CE6E12E00D3FBD4 /* bottomtab5_1.png in Resources */,
				BB87367A1CDB763200621EB4 /* Assets.xcassets in Resources */,
				BB9A37671CE6E12E00D3FBD4 /* bottomtab5@2x.png in Resources */,
				BB9A375B1CE6E12E00D3FBD4 /* bottomtab1_1@2x.png in Resources */,
				BB9A37601CE6E12E00D3FBD4 /* bottomtab3.png in Resources */,
				BB9A37621CE6E12E00D3FBD4 /* bottomtab4.png in Resources */,
				BB9A376D1CE6E12E00D3FBD4 /* peetime@2x.png in Resources */,
				BB9A375F1CE6E12E00D3FBD4 /* bottomtab2_1@2x.png in Resources */,
				BB4AEDD61CC2638E00FC3F8A /* test.json in Resources */,
				BB9A375D1CE6E12E00D3FBD4 /* bottomtab2@2x.png in Resources */,
				BB9A375C1CE6E12E00D3FBD4 /* bottomtab2.png in Resources */,
				BB8736781CDB763200621EB4 /* Main.storyboard in Resources */,
				BB9A37611CE6E12E00D3FBD4 /* bottomtab3@2x.png in Resources */,
				BB9A37691CE6E12E00D3FBD4 /* bottomtab5_1@2x.png in Resources */,
				BB9A375A1CE6E12E00D3FBD4 /* bottomtab1_1.png in Resources */,
				BB9A376F1CE6E12E00D3FBD4 /* 返回.png in Resources */,
				BB6D23D11CE9AD2900FC5BC4 /* CinemaItems.json in Resources */,
				BB9A37661CE6E12E00D3FBD4 /* bottomtab5.png in Resources */,
				BB9A37631CE6E12E00D3FBD4 /* bottomtab4@2x.png in Resources */,
				BB9A376A1CE6E12E00D3FBD4 /* iconfont-jiantou-revolve.png in Resources */,
				BB9A375E1CE6E12E00D3FBD4 /* bottomtab2_1.png in Resources */,
			);
			runOnlyForDeploymentPostprocessing = 0;
		};
		BB8736811CDB763200621EB4 /* Resources */ = {
			isa = PBXResourcesBuildPhase;
			buildActionMask = 2147483647;
			files = (
			);
			runOnlyForDeploymentPostprocessing = 0;
		};
		BB87368C1CDB763200621EB4 /* Resources */ = {
			isa = PBXResourcesBuildPhase;
			buildActionMask = 2147483647;
			files = (
			);
			runOnlyForDeploymentPostprocessing = 0;
		};
/* End PBXResourcesBuildPhase section */

/* Begin PBXSourcesBuildPhase section */
		BB8736631CDB763200621EB4 /* Sources */ = {
			isa = PBXSourcesBuildPhase;
			buildActionMask = 2147483647;
			files = (
				BB8736A71CDB776200621EB4 /* CinemaViewController.m in Sources */,
				BB4AEDCF1CC2520900FC3F8A /* CinemaModel.m in Sources */,
				BB154ED21CDBA3EE0090CF48 /* ChatRoomViewController.m in Sources */,
				BB20D31D1CEAE1F5009A39D4 /* AFHTTPSessionManager.m in Sources */,
				BB87366F1CDB763200621EB4 /* AppDelegate.m in Sources */,
				BB20D31E1CEAE1F5009A39D4 /* AFNetworkReachabilityManager.m in Sources */,
				BB20D31B1CEAE1F5009A39D4 /* AFHTTPRequestOperation.m in Sources */,
				BB20D32F1CEAF926009A39D4 /* LocationViewController.m in Sources */,
				BB20D3211CEAE1F5009A39D4 /* AFURLRequestSerialization.m in Sources */,
				BB20D3201CEAE1F5009A39D4 /* AFURLConnectionOperation.m in Sources */,
				BB20D3231CEAE1F5009A39D4 /* AFURLSessionManager.m in Sources */,
				BB4AEDD41CC2558000FC3F8A /* CinemaCell.m in Sources */,
				BB154ECF1CDBA0D10090CF48 /* HallsViewController.m in Sources */,
				BB6A07DC1CE42FD9001662E3 /* Kimi_CinemaNavigationController.m in Sources */,
				BB20D3271CEAEB8A009A39D4 /* iToast.m in Sources */,
				BB8736B01CDB782000621EB4 /* MineViewController.m in Sources */,
				BB8736AD1CDB77C000621EB4 /* DiscoveryViewController.m in Sources */,
				BB8736AA1CDB778600621EB4 /* MovieViewController.m in Sources */,
				BB6D23CF1CE969CF00FC5BC4 /* README.md in Sources */,
				BB87366C1CDB763200621EB4 /* main.m in Sources */,
				BB154ED51CDBA41C0090CF48 /* FocusPointViewController.m in Sources */,
				BB20D31F1CEAE1F5009A39D4 /* AFSecurityPolicy.m in Sources */,
				BB20D3061CEAE1A2009A39D4 /* KimiNetwork.m in Sources */,
				BB20D31C1CEAE1F5009A39D4 /* AFHTTPRequestOperationManager.m in Sources */,
				BB8736A41CDB771E00621EB4 /* RootViewController.m in Sources */,
				BB20D3221CEAE1F5009A39D4 /* AFURLResponseSerialization.m in Sources */,
			);
			runOnlyForDeploymentPostprocessing = 0;
		};
		BB87367F1CDB763200621EB4 /* Sources */ = {
			isa = PBXSourcesBuildPhase;
			buildActionMask = 2147483647;
			files = (
				BB8736881CDB763200621EB4 /* FreeTimeTests.m in Sources */,
			);
			runOnlyForDeploymentPostprocessing = 0;
		};
		BB87368A1CDB763200621EB4 /* Sources */ = {
			isa = PBXSourcesBuildPhase;
			buildActionMask = 2147483647;
			files = (
				BB8736931CDB763200621EB4 /* FreeTimeUITests.m in Sources */,
			);
			runOnlyForDeploymentPostprocessing = 0;
		};
/* End PBXSourcesBuildPhase section */

/* Begin PBXTargetDependency section */
		BB8736851CDB763200621EB4 /* PBXTargetDependency */ = {
			isa = PBXTargetDependency;
			target = BB8736661CDB763200621EB4 /* FreeTime */;
			targetProxy = BB8736841CDB763200621EB4 /* PBXContainerItemProxy */;
		};
		BB8736901CDB763200621EB4 /* PBXTargetDependency */ = {
			isa = PBXTargetDependency;
			target = BB8736661CDB763200621EB4 /* FreeTime */;
			targetProxy = BB87368F1CDB763200621EB4 /* PBXContainerItemProxy */;
		};
/* End PBXTargetDependency section */

/* Begin PBXVariantGroup section */
		BB8736761CDB763200621EB4 /* Main.storyboard */ = {
			isa = PBXVariantGroup;
			children = (
				BB8736771CDB763200621EB4 /* Base */,
			);
			name = Main.storyboard;
			sourceTree = "<group>";
		};
		BB87367B1CDB763200621EB4 /* LaunchScreen.storyboard */ = {
			isa = PBXVariantGroup;
			children = (
				BB87367C1CDB763200621EB4 /* Base */,
			);
			name = LaunchScreen.storyboard;
			sourceTree = "<group>";
		};
/* End PBXVariantGroup section */

/* Begin XCBuildConfiguration section */
		BB8736951CDB763200621EB4 /* Debug */ = {
			isa = XCBuildConfiguration;
			buildSettings = {
				ALWAYS_SEARCH_USER_PATHS = NO;
				CLANG_ANALYZER_NONNULL = YES;
				CLANG_CXX_LANGUAGE_STANDARD = "gnu++0x";
				CLANG_CXX_LIBRARY = "libc++";
				CLANG_ENABLE_MODULES = YES;
				CLANG_ENABLE_OBJC_ARC = YES;
				CLANG_WARN_BOOL_CONVERSION = YES;
				CLANG_WARN_CONSTANT_CONVERSION = YES;
				CLANG_WARN_DIRECT_OBJC_ISA_USAGE = YES_ERROR;
				CLANG_WARN_EMPTY_BODY = YES;
				CLANG_WARN_ENUM_CONVERSION = YES;
				CLANG_WARN_INT_CONVERSION = YES;
				CLANG_WARN_OBJC_ROOT_CLASS = YES_ERROR;
				CLANG_WARN_UNREACHABLE_CODE = YES;
				CLANG_WARN__DUPLICATE_METHOD_MATCH = YES;
				"CODE_SIGN_IDENTITY[sdk=iphoneos*]" = "iPhone Developer";
				COPY_PHASE_STRIP = NO;
				DEBUG_INFORMATION_FORMAT = dwarf;
				ENABLE_STRICT_OBJC_MSGSEND = YES;
				ENABLE_TESTABILITY = YES;
				GCC_C_LANGUAGE_STANDARD = gnu99;
				GCC_DYNAMIC_NO_PIC = NO;
				GCC_NO_COMMON_BLOCKS = YES;
				GCC_OPTIMIZATION_LEVEL = 0;
				GCC_PREPROCESSOR_DEFINITIONS = (
					"DEBUG=1",
					"$(inherited)",
				);
				GCC_WARN_64_TO_32_BIT_CONVERSION = YES;
				GCC_WARN_ABOUT_RETURN_TYPE = YES_ERROR;
				GCC_WARN_UNDECLARED_SELECTOR = YES;
				GCC_WARN_UNINITIALIZED_AUTOS = YES_AGGRESSIVE;
				GCC_WARN_UNUSED_FUNCTION = YES;
				GCC_WARN_UNUSED_VARIABLE = YES;
				IPHONEOS_DEPLOYMENT_TARGET = 9.3;
				MTL_ENABLE_DEBUG_INFO = YES;
				ONLY_ACTIVE_ARCH = YES;
				SDKROOT = iphoneos;
				TARGETED_DEVICE_FAMILY = "1,2";
			};
			name = Debug;
		};
		BB8736961CDB763200621EB4 /* Release */ = {
			isa = XCBuildConfiguration;
			buildSettings = {
				ALWAYS_SEARCH_USER_PATHS = NO;
				CLANG_ANALYZER_NONNULL = YES;
				CLANG_CXX_LANGUAGE_STANDARD = "gnu++0x";
				CLANG_CXX_LIBRARY = "libc++";
				CLANG_ENABLE_MODULES = YES;
				CLANG_ENABLE_OBJC_ARC = YES;
				CLANG_WARN_BOOL_CONVERSION = YES;
				CLANG_WARN_CONSTANT_CONVERSION = YES;
				CLANG_WARN_DIRECT_OBJC_ISA_USAGE = YES_ERROR;
				CLANG_WARN_EMPTY_BODY = YES;
				CLANG_WARN_ENUM_CONVERSION = YES;
				CLANG_WARN_INT_CONVERSION = YES;
				CLANG_WARN_OBJC_ROOT_CLASS = YES_ERROR;
				CLANG_WARN_UNREACHABLE_CODE = YES;
				CLANG_WARN__DUPLICATE_METHOD_MATCH = YES;
				"CODE_SIGN_IDENTITY[sdk=iphoneos*]" = "iPhone Developer";
				COPY_PHASE_STRIP = NO;
				DEBUG_INFORMATION_FORMAT = "dwarf-with-dsym";
				ENABLE_NS_ASSERTIONS = NO;
				ENABLE_STRICT_OBJC_MSGSEND = YES;
				GCC_C_LANGUAGE_STANDARD = gnu99;
				GCC_NO_COMMON_BLOCKS = YES;
				GCC_WARN_64_TO_32_BIT_CONVERSION = YES;
				GCC_WARN_ABOUT_RETURN_TYPE = YES_ERROR;
				GCC_WARN_UNDECLARED_SELECTOR = YES;
				GCC_WARN_UNINITIALIZED_AUTOS = YES_AGGRESSIVE;
				GCC_WARN_UNUSED_FUNCTION = YES;
				GCC_WARN_UNUSED_VARIABLE = YES;
				IPHONEOS_DEPLOYMENT_TARGET = 9.3;
				MTL_ENABLE_DEBUG_INFO = NO;
				SDKROOT = iphoneos;
				TARGETED_DEVICE_FAMILY = "1,2";
				VALIDATE_PRODUCT = YES;
			};
			name = Release;
		};
		BB8736981CDB763200621EB4 /* Debug */ = {
			isa = XCBuildConfiguration;
			buildSettings = {
				ASSETCATALOG_COMPILER_APPICON_NAME = AppIcon;
				CODE_SIGN_IDENTITY = "iPhone Developer";
				INFOPLIST_FILE = FreeTime/Info.plist;
				LD_RUNPATH_SEARCH_PATHS = "$(inherited) @executable_path/Frameworks";
				PRODUCT_BUNDLE_IDENTIFIER = "com-kecheng-ismarttools233";
				PRODUCT_NAME = "$(TARGET_NAME)";
				PROVISIONING_PROFILE = "";
			};
			name = Debug;
		};
		BB8736991CDB763200621EB4 /* Release */ = {
			isa = XCBuildConfiguration;
			buildSettings = {
				ASSETCATALOG_COMPILER_APPICON_NAME = AppIcon;
				CODE_SIGN_IDENTITY = "iPhone Developer";
				"CODE_SIGN_IDENTITY[sdk=iphoneos*]" = "iPhone Distribution: Yancheng Kecheng Optoelectronic Technology Co., Ltd. (AA2X2FK35G)";
				INFOPLIST_FILE = FreeTime/Info.plist;
				LD_RUNPATH_SEARCH_PATHS = "$(inherited) @executable_path/Frameworks";
				PRODUCT_BUNDLE_IDENTIFIER = "com-kecheng-ismarttools233";
				PRODUCT_NAME = "$(TARGET_NAME)";
				PROVISIONING_PROFILE = "6216c38a-bb7e-4663-a577-ebdcee272f86";
			};
			name = Release;
		};
		BB87369B1CDB763200621EB4 /* Debug */ = {
			isa = XCBuildConfiguration;
			buildSettings = {
				BUNDLE_LOADER = "$(TEST_HOST)";
				INFOPLIST_FILE = FreeTimeTests/Info.plist;
				LD_RUNPATH_SEARCH_PATHS = "$(inherited) @executable_path/Frameworks @loader_path/Frameworks";
				PRODUCT_BUNDLE_IDENTIFIER = Kimi.FreeTimeTests;
				PRODUCT_NAME = "$(TARGET_NAME)";
				TEST_HOST = "$(BUILT_PRODUCTS_DIR)/FreeTime.app/FreeTime";
			};
			name = Debug;
		};
		BB87369C1CDB763200621EB4 /* Release */ = {
			isa = XCBuildConfiguration;
			buildSettings = {
				BUNDLE_LOADER = "$(TEST_HOST)";
				INFOPLIST_FILE = FreeTimeTests/Info.plist;
				LD_RUNPATH_SEARCH_PATHS = "$(inherited) @executable_path/Frameworks @loader_path/Frameworks";
				PRODUCT_BUNDLE_IDENTIFIER = Kimi.FreeTimeTests;
				PRODUCT_NAME = "$(TARGET_NAME)";
				TEST_HOST = "$(BUILT_PRODUCTS_DIR)/FreeTime.app/FreeTime";
			};
			name = Release;
		};
		BB87369E1CDB763200621EB4 /* Debug */ = {
			isa = XCBuildConfiguration;
			buildSettings = {
				INFOPLIST_FILE = FreeTimeUITests/Info.plist;
				LD_RUNPATH_SEARCH_PATHS = "$(inherited) @executable_path/Frameworks @loader_path/Frameworks";
				PRODUCT_BUNDLE_IDENTIFIER = Kimi.FreeTimeUITests;
				PRODUCT_NAME = "$(TARGET_NAME)";
				TEST_TARGET_NAME = FreeTime;
			};
			name = Debug;
		};
		BB87369F1CDB763200621EB4 /* Release */ = {
			isa = XCBuildConfiguration;
			buildSettings = {
				INFOPLIST_FILE = FreeTimeUITests/Info.plist;
				LD_RUNPATH_SEARCH_PATHS = "$(inherited) @executable_path/Frameworks @loader_path/Frameworks";
				PRODUCT_BUNDLE_IDENTIFIER = Kimi.FreeTimeUITests;
				PRODUCT_NAME = "$(TARGET_NAME)";
				TEST_TARGET_NAME = FreeTime;
			};
			name = Release;
		};
/* End XCBuildConfiguration section */

/* Begin XCConfigurationList section */
		BB8736621CDB763200621EB4 /* Build configuration list for PBXProject "FreeTime" */ = {
			isa = XCConfigurationList;
			buildConfigurations = (
				BB8736951CDB763200621EB4 /* Debug */,
				BB8736961CDB763200621EB4 /* Release */,
			);
			defaultConfigurationIsVisible = 0;
			defaultConfigurationName = Release;
		};
		BB8736971CDB763200621EB4 /* Build configuration list for PBXNativeTarget "FreeTime" */ = {
			isa = XCConfigurationList;
			buildConfigurations = (
				BB8736981CDB763200621EB4 /* Debug */,
				BB8736991CDB763200621EB4 /* Release */,
			);
			defaultConfigurationIsVisible = 0;
			defaultConfigurationName = Release;
		};
		BB87369A1CDB763200621EB4 /* Build configuration list for PBXNativeTarget "FreeTimeTests" */ = {
			isa = XCConfigurationList;
			buildConfigurations = (
				BB87369B1CDB763200621EB4 /* Debug */,
				BB87369C1CDB763200621EB4 /* Release */,
			);
			defaultConfigurationIsVisible = 0;
			defaultConfigurationName = Release;
		};
		BB87369D1CDB763200621EB4 /* Build configuration list for PBXNativeTarget "FreeTimeUITests" */ = {
			isa = XCConfigurationList;
			buildConfigurations = (
				BB87369E1CDB763200621EB4 /* Debug */,
				BB87369F1CDB763200621EB4 /* Release */,
			);
			defaultConfigurationIsVisible = 0;
			defaultConfigurationName = Release;
		};
/* End XCConfigurationList section */
	};
	rootObject = BB87365F1CDB763200621EB4 /* Project object */;
}
